// !$*UTF8*$!
{
	archiveVersion = 1;
	classes = {
	};
	objectVersion = 55;
	objects = {

/* Begin PBXBuildFile section */
		A920DA3927D79AC200342EB0 /* MusicLibrary.swift in Sources */ = {isa = PBXBuildFile; fileRef = A920DA3827D79AC200342EB0 /* MusicLibrary.swift */; };
		A924759B28201D2B00B89EA1 /* NewTimerViewController.swift in Sources */ = {isa = PBXBuildFile; fileRef = A924759A28201D2B00B89EA1 /* NewTimerViewController.swift */; };
		A92475A028202B8400B89EA1 /* ColorCell.swift in Sources */ = {isa = PBXBuildFile; fileRef = A924759F28202B8400B89EA1 /* ColorCell.swift */; };
		A92C1DC5282423DB00B18D0B /* TimerViewController.swift in Sources */ = {isa = PBXBuildFile; fileRef = A92C1DC4282423DB00B18D0B /* TimerViewController.swift */; };
		A94193EF27AAC2BD0049248E /* AppDelegate.swift in Sources */ = {isa = PBXBuildFile; fileRef = A94193EE27AAC2BD0049248E /* AppDelegate.swift */; };
		A94193F127AAC2BD0049248E /* SceneDelegate.swift in Sources */ = {isa = PBXBuildFile; fileRef = A94193F027AAC2BD0049248E /* SceneDelegate.swift */; };
		A94193F327AAC2BD0049248E /* ViewController.swift in Sources */ = {isa = PBXBuildFile; fileRef = A94193F227AAC2BD0049248E /* ViewController.swift */; };
		A94193F627AAC2BD0049248E /* Main.storyboard in Resources */ = {isa = PBXBuildFile; fileRef = A94193F427AAC2BD0049248E /* Main.storyboard */; };
		A94193F827AAC2C10049248E /* Assets.xcassets in Resources */ = {isa = PBXBuildFile; fileRef = A94193F727AAC2C10049248E /* Assets.xcassets */; };
		A94193FB27AAC2C10049248E /* LaunchScreen.storyboard in Resources */ = {isa = PBXBuildFile; fileRef = A94193F927AAC2C10049248E /* LaunchScreen.storyboard */; };
		A9A549E127FB481200970CCE /* Redbone.m4a in Resources */ = {isa = PBXBuildFile; fileRef = A9A549E027FB481200970CCE /* Redbone.m4a */; };
		A9A549E427FB4AD600970CCE /* Mondo Loops x Aiguille - Dancing In The Dark.m4a in Resources */ = {isa = PBXBuildFile; fileRef = A9A549E227FB4AD500970CCE /* Mondo Loops x Aiguille - Dancing In The Dark.m4a */; };
		A9A549E527FB4AD600970CCE /* No Spirit - Exhale.m4a in Resources */ = {isa = PBXBuildFile; fileRef = A9A549E327FB4AD600970CCE /* No Spirit - Exhale.m4a */; };
		A9A549E727FC6FA800970CCE /* LVDS - Blessed.m4a in Resources */ = {isa = PBXBuildFile; fileRef = A9A549E627FC6FA800970CCE /* LVDS - Blessed.m4a */; };
		A9A549E927FC70A600970CCE /* holiday party - Mr.Woox.m4a in Resources */ = {isa = PBXBuildFile; fileRef = A9A549E827FC70A600970CCE /* holiday party - Mr.Woox.m4a */; };
		A9A549EB27FC72BF00970CCE /* Road Is Mine.m4a in Resources */ = {isa = PBXBuildFile; fileRef = A9A549EA27FC72BF00970CCE /* Road Is Mine.m4a */; };
		A9A549ED27FC734000970CCE /* G R I Z - Lonely in a Crowd.m4a in Resources */ = {isa = PBXBuildFile; fileRef = A9A549EC27FC734000970CCE /* G R I Z - Lonely in a Crowd.m4a */; };
		A9A549EF27FC738300970CCE /* Phoenix.m4a in Resources */ = {isa = PBXBuildFile; fileRef = A9A549EE27FC738300970CCE /* Phoenix.m4a */; };
		A9A549F32818243000970CCE /* TimerGridViewController.swift in Sources */ = {isa = PBXBuildFile; fileRef = A9A549F22818243000970CCE /* TimerGridViewController.swift */; };
		A9A549F52818296800970CCE /* TimerCell.swift in Sources */ = {isa = PBXBuildFile; fileRef = A9A549F42818296800970CCE /* TimerCell.swift */; };
		A9C31F58282ADCC100D23671 /* ToDoTableViewController.swift in Sources */ = {isa = PBXBuildFile; fileRef = A9C31F57282ADCC100D23671 /* ToDoTableViewController.swift */; };
		A9E39FBF27E4C1DA005FB89B /* AVFoundation.framework in Frameworks */ = {isa = PBXBuildFile; fileRef = A9E39FBE27E4C1DA005FB89B /* AVFoundation.framework */; };
		A9E3A03527EDF3DD005FB89B /* MusicViewController.swift in Sources */ = {isa = PBXBuildFile; fileRef = A9E3A03427EDF3DD005FB89B /* MusicViewController.swift */; };
		A9E3A03627EDF7AE005FB89B /* CoffeeJazz.m4a in Resources */ = {isa = PBXBuildFile; fileRef = A920DA3A27D8ECC800342EB0 /* CoffeeJazz.m4a */; };
/* End PBXBuildFile section */

/* Begin PBXFileReference section */
		A920DA3827D79AC200342EB0 /* MusicLibrary.swift */ = {isa = PBXFileReference; lastKnownFileType = sourcecode.swift; path = MusicLibrary.swift; sourceTree = "<group>"; };
		A920DA3A27D8ECC800342EB0 /* CoffeeJazz.m4a */ = {isa = PBXFileReference; lastKnownFileType = file; path = CoffeeJazz.m4a; sourceTree = "<group>"; };
		A924759A28201D2B00B89EA1 /* NewTimerViewController.swift */ = {isa = PBXFileReference; lastKnownFileType = sourcecode.swift; path = NewTimerViewController.swift; sourceTree = "<group>"; };
		A924759F28202B8400B89EA1 /* ColorCell.swift */ = {isa = PBXFileReference; lastKnownFileType = sourcecode.swift; path = ColorCell.swift; sourceTree = "<group>"; };
		A92C1DC4282423DB00B18D0B /* TimerViewController.swift */ = {isa = PBXFileReference; lastKnownFileType = sourcecode.swift; path = TimerViewController.swift; sourceTree = "<group>"; };
		A94193EB27AAC2BD0049248E /* Senior Capstone Project.app */ = {isa = PBXFileReference; explicitFileType = wrapper.application; includeInIndex = 0; path = "Senior Capstone Project.app"; sourceTree = BUILT_PRODUCTS_DIR; };
		A94193EE27AAC2BD0049248E /* AppDelegate.swift */ = {isa = PBXFileReference; lastKnownFileType = sourcecode.swift; path = AppDelegate.swift; sourceTree = "<group>"; };
		A94193F027AAC2BD0049248E /* SceneDelegate.swift */ = {isa = PBXFileReference; lastKnownFileType = sourcecode.swift; path = SceneDelegate.swift; sourceTree = "<group>"; };
		A94193F227AAC2BD0049248E /* ViewController.swift */ = {isa = PBXFileReference; lastKnownFileType = sourcecode.swift; path = ViewController.swift; sourceTree = "<group>"; };
		A94193F527AAC2BD0049248E /* Base */ = {isa = PBXFileReference; lastKnownFileType = file.storyboard; name = Base; path = Base.lproj/Main.storyboard; sourceTree = "<group>"; };
		A94193F727AAC2C10049248E /* Assets.xcassets */ = {isa = PBXFileReference; lastKnownFileType = folder.assetcatalog; path = Assets.xcassets; sourceTree = "<group>"; };
		A94193FA27AAC2C10049248E /* Base */ = {isa = PBXFileReference; lastKnownFileType = file.storyboard; name = Base; path = Base.lproj/LaunchScreen.storyboard; sourceTree = "<group>"; };
		A94193FC27AAC2C10049248E /* Info.plist */ = {isa = PBXFileReference; lastKnownFileType = text.plist.xml; path = Info.plist; sourceTree = "<group>"; };
		A9A549E027FB481200970CCE /* Redbone.m4a */ = {isa = PBXFileReference; lastKnownFileType = file; path = Redbone.m4a; sourceTree = "<group>"; };
		A9A549E227FB4AD500970CCE /* Mondo Loops x Aiguille - Dancing In The Dark.m4a */ = {isa = PBXFileReference; lastKnownFileType = file; path = "Mondo Loops x Aiguille - Dancing In The Dark.m4a"; sourceTree = "<group>"; };
		A9A549E327FB4AD600970CCE /* No Spirit - Exhale.m4a */ = {isa = PBXFileReference; lastKnownFileType = file; path = "No Spirit - Exhale.m4a"; sourceTree = "<group>"; };
		A9A549E627FC6FA800970CCE /* LVDS - Blessed.m4a */ = {isa = PBXFileReference; lastKnownFileType = file; path = "LVDS - Blessed.m4a"; sourceTree = "<group>"; };
		A9A549E827FC70A600970CCE /* holiday party - Mr.Woox.m4a */ = {isa = PBXFileReference; lastKnownFileType = file; path = "holiday party - Mr.Woox.m4a"; sourceTree = "<group>"; };
		A9A549EA27FC72BF00970CCE /* Road Is Mine.m4a */ = {isa = PBXFileReference; lastKnownFileType = file; path = "Road Is Mine.m4a"; sourceTree = "<group>"; };
		A9A549EC27FC734000970CCE /* G R I Z - Lonely in a Crowd.m4a */ = {isa = PBXFileReference; lastKnownFileType = file; path = "G R I Z - Lonely in a Crowd.m4a"; sourceTree = "<group>"; };
		A9A549EE27FC738300970CCE /* Phoenix.m4a */ = {isa = PBXFileReference; lastKnownFileType = file; path = Phoenix.m4a; sourceTree = "<group>"; };
		A9A549F22818243000970CCE /* TimerGridViewController.swift */ = {isa = PBXFileReference; lastKnownFileType = sourcecode.swift; path = TimerGridViewController.swift; sourceTree = "<group>"; };
		A9A549F42818296800970CCE /* TimerCell.swift */ = {isa = PBXFileReference; lastKnownFileType = sourcecode.swift; path = TimerCell.swift; sourceTree = "<group>"; };
		A9C31F57282ADCC100D23671 /* ToDoTableViewController.swift */ = {isa = PBXFileReference; lastKnownFileType = sourcecode.swift; path = ToDoTableViewController.swift; sourceTree = "<group>"; };
		A9E39FBE27E4C1DA005FB89B /* AVFoundation.framework */ = {isa = PBXFileReference; lastKnownFileType = wrapper.framework; name = AVFoundation.framework; path = System/Library/Frameworks/AVFoundation.framework; sourceTree = SDKROOT; };
		A9E3A03427EDF3DD005FB89B /* MusicViewController.swift */ = {isa = PBXFileReference; lastKnownFileType = sourcecode.swift; path = MusicViewController.swift; sourceTree = "<group>"; };
/* End PBXFileReference section */

/* Begin PBXFrameworksBuildPhase section */
		A94193E827AAC2BD0049248E /* Frameworks */ = {
			isa = PBXFrameworksBuildPhase;
			buildActionMask = 2147483647;
			files = (
				A9E39FBF27E4C1DA005FB89B /* AVFoundation.framework in Frameworks */,
			);
			runOnlyForDeploymentPostprocessing = 0;
		};
/* End PBXFrameworksBuildPhase section */

/* Begin PBXGroup section */
		A920DA3B27D8ECEF00342EB0 /* Songs */ = {
			isa = PBXGroup;
			children = (
				A9A549EE27FC738300970CCE /* Phoenix.m4a */,
				A9A549EC27FC734000970CCE /* G R I Z - Lonely in a Crowd.m4a */,
				A9A549EA27FC72BF00970CCE /* Road Is Mine.m4a */,
				A9A549E827FC70A600970CCE /* holiday party - Mr.Woox.m4a */,
				A9A549E027FB481200970CCE /* Redbone.m4a */,
				A920DA3A27D8ECC800342EB0 /* CoffeeJazz.m4a */,
				A9A549E227FB4AD500970CCE /* Mondo Loops x Aiguille - Dancing In The Dark.m4a */,
				A9A549E327FB4AD600970CCE /* No Spirit - Exhale.m4a */,
				A9A549E627FC6FA800970CCE /* LVDS - Blessed.m4a */,
			);
			path = Songs;
			sourceTree = "<group>";
		};
		A94193E227AAC2BD0049248E = {
			isa = PBXGroup;
			children = (
				A920DA3B27D8ECEF00342EB0 /* Songs */,
				A94193ED27AAC2BD0049248E /* Senior Capstone Project */,
				A94193EC27AAC2BD0049248E /* Products */,
				A9E39FBD27E4C1D9005FB89B /* Frameworks */,
			);
			sourceTree = "<group>";
		};
		A94193EC27AAC2BD0049248E /* Products */ = {
			isa = PBXGroup;
			children = (
				A94193EB27AAC2BD0049248E /* Senior Capstone Project.app */,
			);
			name = Products;
			sourceTree = "<group>";
		};
		A94193ED27AAC2BD0049248E /* Senior Capstone Project */ = {
			isa = PBXGroup;
			children = (
				A94193EE27AAC2BD0049248E /* AppDelegate.swift */,
				A94193F027AAC2BD0049248E /* SceneDelegate.swift */,
				A94193F227AAC2BD0049248E /* ViewController.swift */,
				A94193F427AAC2BD0049248E /* Main.storyboard */,
				A94193F727AAC2C10049248E /* Assets.xcassets */,
				A94193F927AAC2C10049248E /* LaunchScreen.storyboard */,
				A94193FC27AAC2C10049248E /* Info.plist */,
				A920DA3827D79AC200342EB0 /* MusicLibrary.swift */,
				A9E3A03427EDF3DD005FB89B /* MusicViewController.swift */,
				A9A549F22818243000970CCE /* TimerGridViewController.swift */,
				A9A549F42818296800970CCE /* TimerCell.swift */,
				A924759A28201D2B00B89EA1 /* NewTimerViewController.swift */,
				A924759F28202B8400B89EA1 /* ColorCell.swift */,
				A92C1DC4282423DB00B18D0B /* TimerViewController.swift */,
				A9C31F57282ADCC100D23671 /* ToDoTableViewController.swift */,
			);
			path = "Senior Capstone Project";
			sourceTree = "<group>";
		};
		A9E39FBD27E4C1D9005FB89B /* Frameworks */ = {
			isa = PBXGroup;
			children = (
				A9E39FBE27E4C1DA005FB89B /* AVFoundation.framework */,
			);
			name = Frameworks;
			sourceTree = "<group>";
		};
/* End PBXGroup section */

/* Begin PBXNativeTarget section */
		A94193EA27AAC2BD0049248E /* Senior Capstone Project */ = {
			isa = PBXNativeTarget;
			buildConfigurationList = A94193FF27AAC2C10049248E /* Build configuration list for PBXNativeTarget "Senior Capstone Project" */;
			buildPhases = (
				A94193E727AAC2BD0049248E /* Sources */,
				A94193E827AAC2BD0049248E /* Frameworks */,
				A94193E927AAC2BD0049248E /* Resources */,
			);
			buildRules = (
			);
			dependencies = (
			);
			name = "Senior Capstone Project";
			productName = "Senior Capstone Project";
			productReference = A94193EB27AAC2BD0049248E /* Senior Capstone Project.app */;
			productType = "com.apple.product-type.application";
		};
/* End PBXNativeTarget section */

/* Begin PBXProject section */
		A94193E327AAC2BD0049248E /* Project object */ = {
			isa = PBXProject;
			attributes = {
				BuildIndependentTargetsInParallel = 1;
				LastSwiftUpdateCheck = 1320;
				LastUpgradeCheck = 1320;
				TargetAttributes = {
					A94193EA27AAC2BD0049248E = {
						CreatedOnToolsVersion = 13.2.1;
					};
				};
			};
			buildConfigurationList = A94193E627AAC2BD0049248E /* Build configuration list for PBXProject "Senior Capstone Project" */;
			compatibilityVersion = "Xcode 13.0";
			developmentRegion = en;
			hasScannedForEncodings = 0;
			knownRegions = (
				en,
				Base,
			);
			mainGroup = A94193E227AAC2BD0049248E;
			productRefGroup = A94193EC27AAC2BD0049248E /* Products */;
			projectDirPath = "";
			projectRoot = "";
			targets = (
				A94193EA27AAC2BD0049248E /* Senior Capstone Project */,
			);
		};
/* End PBXProject section */

/* Begin PBXResourcesBuildPhase section */
		A94193E927AAC2BD0049248E /* Resources */ = {
			isa = PBXResourcesBuildPhase;
			buildActionMask = 2147483647;
			files = (
				A9A549E127FB481200970CCE /* Redbone.m4a in Resources */,
				A9A549E527FB4AD600970CCE /* No Spirit - Exhale.m4a in Resources */,
				A9A549EF27FC738300970CCE /* Phoenix.m4a in Resources */,
				A9A549ED27FC734000970CCE /* G R I Z - Lonely in a Crowd.m4a in Resources */,
				A9A549E727FC6FA800970CCE /* LVDS - Blessed.m4a in Resources */,
				A9A549E927FC70A600970CCE /* holiday party - Mr.Woox.m4a in Resources */,
				A9A549E427FB4AD600970CCE /* Mondo Loops x Aiguille - Dancing In The Dark.m4a in Resources */,
				A9A549EB27FC72BF00970CCE /* Road Is Mine.m4a in Resources */,
				A94193FB27AAC2C10049248E /* LaunchScreen.storyboard in Resources */,
				A9E3A03627EDF7AE005FB89B /* CoffeeJazz.m4a in Resources */,
				A94193F827AAC2C10049248E /* Assets.xcassets in Resources */,
				A94193F627AAC2BD0049248E /* Main.storyboard in Resources */,
			);
			runOnlyForDeploymentPostprocessing = 0;
		};
/* End PBXResourcesBuildPhase section */

/* Begin PBXSourcesBuildPhase section */
		A94193E727AAC2BD0049248E /* Sources */ = {
			isa = PBXSourcesBuildPhase;
			buildActionMask = 2147483647;
			files = (
				A92C1DC5282423DB00B18D0B /* TimerViewController.swift in Sources */,
				A9A549F52818296800970CCE /* TimerCell.swift in Sources */,
				A924759B28201D2B00B89EA1 /* NewTimerViewController.swift in Sources */,
				A92475A028202B8400B89EA1 /* ColorCell.swift in Sources */,
				A9C31F58282ADCC100D23671 /* ToDoTableViewController.swift in Sources */,
				A94193F327AAC2BD0049248E /* ViewController.swift in Sources */,
				A9E3A03527EDF3DD005FB89B /* MusicViewController.swift in Sources */,
				A94193EF27AAC2BD0049248E /* AppDelegate.swift in Sources */,
				A920DA3927D79AC200342EB0 /* MusicLibrary.swift in Sources */,
				A9A549F32818243000970CCE /* TimerGridViewController.swift in Sources */,
				A94193F127AAC2BD0049248E /* SceneDelegate.swift in Sources */,
			);
			runOnlyForDeploymentPostprocessing = 0;
		};
/* End PBXSourcesBuildPhase section */

/* Begin PBXVariantGroup section */
		A94193F427AAC2BD0049248E /* Main.storyboard */ = {
			isa = PBXVariantGroup;
			children = (
				A94193F527AAC2BD0049248E /* Base */,
			);
			name = Main.storyboard;
			sourceTree = "<group>";
		};
		A94193F927AAC2C10049248E /* LaunchScreen.storyboard */ = {
			isa = PBXVariantGroup;
			children = (
				A94193FA27AAC2C10049248E /* Base */,
			);
			name = LaunchScreen.storyboard;
			sourceTree = "<group>";
		};
/* End PBXVariantGroup section */

/* Begin XCBuildConfiguration section */
		A94193FD27AAC2C10049248E /* Debug */ = {
			isa = XCBuildConfiguration;
			buildSettings = {
				ALWAYS_SEARCH_USER_PATHS = NO;
				CLANG_ANALYZER_NONNULL = YES;
				CLANG_ANALYZER_NUMBER_OBJECT_CONVERSION = YES_AGGRESSIVE;
				CLANG_CXX_LANGUAGE_STANDARD = "gnu++17";
				CLANG_CXX_LIBRARY = "libc++";
				CLANG_ENABLE_MODULES = YES;
				CLANG_ENABLE_OBJC_ARC = YES;
				CLANG_ENABLE_OBJC_WEAK = YES;
				CLANG_WARN_BLOCK_CAPTURE_AUTORELEASING = YES;
				CLANG_WARN_BOOL_CONVERSION = YES;
				CLANG_WARN_COMMA = YES;
				CLANG_WARN_CONSTANT_CONVERSION = YES;
				CLANG_WARN_DEPRECATED_OBJC_IMPLEMENTATIONS = YES;
				CLANG_WARN_DIRECT_OBJC_ISA_USAGE = YES_ERROR;
				CLANG_WARN_DOCUMENTATION_COMMENTS = YES;
				CLANG_WARN_EMPTY_BODY = YES;
				CLANG_WARN_ENUM_CONVERSION = YES;
				CLANG_WARN_INFINITE_RECURSION = YES;
				CLANG_WARN_INT_CONVERSION = YES;
				CLANG_WARN_NON_LITERAL_NULL_CONVERSION = YES;
				CLANG_WARN_OBJC_IMPLICIT_RETAIN_SELF = YES;
				CLANG_WARN_OBJC_LITERAL_CONVERSION = YES;
				CLANG_WARN_OBJC_ROOT_CLASS = YES_ERROR;
				CLANG_WARN_QUOTED_INCLUDE_IN_FRAMEWORK_HEADER = YES;
				CLANG_WARN_RANGE_LOOP_ANALYSIS = YES;
				CLANG_WARN_STRICT_PROTOTYPES = YES;
				CLANG_WARN_SUSPICIOUS_MOVE = YES;
				CLANG_WARN_UNGUARDED_AVAILABILITY = YES_AGGRESSIVE;
				CLANG_WARN_UNREACHABLE_CODE = YES;
				CLANG_WARN__DUPLICATE_METHOD_MATCH = YES;
				COPY_PHASE_STRIP = NO;
				DEBUG_INFORMATION_FORMAT = dwarf;
				ENABLE_STRICT_OBJC_MSGSEND = YES;
				ENABLE_TESTABILITY = YES;
				GCC_C_LANGUAGE_STANDARD = gnu11;
				GCC_DYNAMIC_NO_PIC = NO;
				GCC_NO_COMMON_BLOCKS = YES;
				GCC_OPTIMIZATION_LEVEL = 0;
				GCC_PREPROCESSOR_DEFINITIONS = (
					"DEBUG=1",
					"$(inherited)",
				);
				GCC_WARN_64_TO_32_BIT_CONVERSION = YES;
				GCC_WARN_ABOUT_RETURN_TYPE = YES_ERROR;
				GCC_WARN_UNDECLARED_SELECTOR = YES;
				GCC_WARN_UNINITIALIZED_AUTOS = YES_AGGRESSIVE;
				GCC_WARN_UNUSED_FUNCTION = YES;
				GCC_WARN_UNUSED_VARIABLE = YES;
				IPHONEOS_DEPLOYMENT_TARGET = 15.2;
				MTL_ENABLE_DEBUG_INFO = INCLUDE_SOURCE;
				MTL_FAST_MATH = YES;
				ONLY_ACTIVE_ARCH = YES;
				SDKROOT = iphoneos;
				SWIFT_ACTIVE_COMPILATION_CONDITIONS = DEBUG;
				SWIFT_OPTIMIZATION_LEVEL = "-Onone";
			};
			name = Debug;
		};
		A94193FE27AAC2C10049248E /* Release */ = {
			isa = XCBuildConfiguration;
			buildSettings = {
				ALWAYS_SEARCH_USER_PATHS = NO;
				CLANG_ANALYZER_NONNULL = YES;
				CLANG_ANALYZER_NUMBER_OBJECT_CONVERSION = YES_AGGRESSIVE;
				CLANG_CXX_LANGUAGE_STANDARD = "gnu++17";
				CLANG_CXX_LIBRARY = "libc++";
				CLANG_ENABLE_MODULES = YES;
				CLANG_ENABLE_OBJC_ARC = YES;
				CLANG_ENABLE_OBJC_WEAK = YES;
				CLANG_WARN_BLOCK_CAPTURE_AUTORELEASING = YES;
				CLANG_WARN_BOOL_CONVERSION = YES;
				CLANG_WARN_COMMA = YES;
				CLANG_WARN_CONSTANT_CONVERSION = YES;
				CLANG_WARN_DEPRECATED_OBJC_IMPLEMENTATIONS = YES;
				CLANG_WARN_DIRECT_OBJC_ISA_USAGE = YES_ERROR;
				CLANG_WARN_DOCUMENTATION_COMMENTS = YES;
				CLANG_WARN_EMPTY_BODY = YES;
				CLANG_WARN_ENUM_CONVERSION = YES;
				CLANG_WARN_INFINITE_RECURSION = YES;
				CLANG_WARN_INT_CONVERSION = YES;
				CLANG_WARN_NON_LITERAL_NULL_CONVERSION = YES;
				CLANG_WARN_OBJC_IMPLICIT_RETAIN_SELF = YES;
				CLANG_WARN_OBJC_LITERAL_CONVERSION = YES;
				CLANG_WARN_OBJC_ROOT_CLASS = YES_ERROR;
				CLANG_WARN_QUOTED_INCLUDE_IN_FRAMEWORK_HEADER = YES;
				CLANG_WARN_RANGE_LOOP_ANALYSIS = YES;
				CLANG_WARN_STRICT_PROTOTYPES = YES;
				CLANG_WARN_SUSPICIOUS_MOVE = YES;
				CLANG_WARN_UNGUARDED_AVAILABILITY = YES_AGGRESSIVE;
				CLANG_WARN_UNREACHABLE_CODE = YES;
				CLANG_WARN__DUPLICATE_METHOD_MATCH = YES;
				COPY_PHASE_STRIP = NO;
				DEBUG_INFORMATION_FORMAT = "dwarf-with-dsym";
				ENABLE_NS_ASSERTIONS = NO;
				ENABLE_STRICT_OBJC_MSGSEND = YES;
				GCC_C_LANGUAGE_STANDARD = gnu11;
				GCC_NO_COMMON_BLOCKS = YES;
				GCC_WARN_64_TO_32_BIT_CONVERSION = YES;
				GCC_WARN_ABOUT_RETURN_TYPE = YES_ERROR;
				GCC_WARN_UNDECLARED_SELECTOR = YES;
				GCC_WARN_UNINITIALIZED_AUTOS = YES_AGGRESSIVE;
				GCC_WARN_UNUSED_FUNCTION = YES;
				GCC_WARN_UNUSED_VARIABLE = YES;
				IPHONEOS_DEPLOYMENT_TARGET = 15.2;
				MTL_ENABLE_DEBUG_INFO = NO;
				MTL_FAST_MATH = YES;
				SDKROOT = iphoneos;
				SWIFT_COMPILATION_MODE = wholemodule;
				SWIFT_OPTIMIZATION_LEVEL = "-O";
				VALIDATE_PRODUCT = YES;
			};
			name = Release;
		};
		A941940027AAC2C10049248E /* Debug */ = {
			isa = XCBuildConfiguration;
			buildSettings = {
				ASSETCATALOG_COMPILER_APPICON_NAME = AppIcon;
				ASSETCATALOG_COMPILER_GLOBAL_ACCENT_COLOR_NAME = AccentColor;
				CODE_SIGN_STYLE = Automatic;
				CURRENT_PROJECT_VERSION = 1;
				GENERATE_INFOPLIST_FILE = YES;
				INFOPLIST_FILE = "Senior Capstone Project/Info.plist";
				INFOPLIST_KEY_UIApplicationSupportsIndirectInputEvents = YES;
				INFOPLIST_KEY_UILaunchStoryboardName = LaunchScreen;
				INFOPLIST_KEY_UIMainStoryboardFile = Main;
				INFOPLIST_KEY_UISupportedInterfaceOrientations_iPad = "UIInterfaceOrientationPortrait UIInterfaceOrientationPortraitUpsideDown UIInterfaceOrientationLandscapeLeft UIInterfaceOrientationLandscapeRight";
				INFOPLIST_KEY_UISupportedInterfaceOrientations_iPhone = "UIInterfaceOrientationPortrait UIInterfaceOrientationLandscapeLeft UIInterfaceOrientationLandscapeRight";
				LD_RUNPATH_SEARCH_PATHS = (
					"$(inherited)",
					"@executable_path/Frameworks",
				);
				MARKETING_VERSION = 1.0;
				PRODUCT_BUNDLE_IDENTIFIER = "com.JustinWallen.Senior-Capstone-Project";
				PRODUCT_NAME = "$(TARGET_NAME)";
				SWIFT_EMIT_LOC_STRINGS = YES;
				SWIFT_VERSION = 5.0;
				TARGETED_DEVICE_FAMILY = "1,2";
			};
			name = Debug;
		};
		A941940127AAC2C10049248E /* Release */ = {
			isa = XCBuildConfiguration;
			buildSettings = {
				ASSETCATALOG_COMPILER_APPICON_NAME = AppIcon;
				ASSETCATALOG_COMPILER_GLOBAL_ACCENT_COLOR_NAME = AccentColor;
				CODE_SIGN_STYLE = Automatic;
				CURRENT_PROJECT_VERSION = 1;
				GENERATE_INFOPLIST_FILE = YES;
				INFOPLIST_FILE = "Senior Capstone Project/Info.plist";
				INFOPLIST_KEY_UIApplicationSupportsIndirectInputEvents = YES;
				INFOPLIST_KEY_UILaunchStoryboardName = LaunchScreen;
				INFOPLIST_KEY_UIMainStoryboardFile = Main;
				INFOPLIST_KEY_UISupportedInterfaceOrientations_iPad = "UIInterfaceOrientationPortrait UIInterfaceOrientationPortraitUpsideDown UIInterfaceOrientationLandscapeLeft UIInterfaceOrientationLandscapeRight";
				INFOPLIST_KEY_UISupportedInterfaceOrientations_iPhone = "UIInterfaceOrientationPortrait UIInterfaceOrientationLandscapeLeft UIInterfaceOrientationLandscapeRight";
				LD_RUNPATH_SEARCH_PATHS = (
					"$(inherited)",
					"@executable_path/Frameworks",
				);
				MARKETING_VERSION = 1.0;
				PRODUCT_BUNDLE_IDENTIFIER = "com.JustinWallen.Senior-Capstone-Project";
				PRODUCT_NAME = "$(TARGET_NAME)";
				SWIFT_EMIT_LOC_STRINGS = YES;
				SWIFT_VERSION = 5.0;
				TARGETED_DEVICE_FAMILY = "1,2";
			};
			name = Release;
		};
/* End XCBuildConfiguration section */

/* Begin XCConfigurationList section */
		A94193E627AAC2BD0049248E /* Build configuration list for PBXProject "Senior Capstone Project" */ = {
			isa = XCConfigurationList;
			buildConfigurations = (
				A94193FD27AAC2C10049248E /* Debug */,
				A94193FE27AAC2C10049248E /* Release */,
			);
			defaultConfigurationIsVisible = 0;
			defaultConfigurationName = Release;
		};
		A94193FF27AAC2C10049248E /* Build configuration list for PBXNativeTarget "Senior Capstone Project" */ = {
			isa = XCConfigurationList;
			buildConfigurations = (
				A941940027AAC2C10049248E /* Debug */,
				A941940127AAC2C10049248E /* Release */,
			);
			defaultConfigurationIsVisible = 0;
			defaultConfigurationName = Release;
		};
/* End XCConfigurationList section */
	};
	rootObject = A94193E327AAC2BD0049248E /* Project object */;
}
